
Microsoft Visual Studio Solution File, Format Version 12.00
# Visual Studio Version 17
VisualStudioVersion = 17.0.31903.59
MinimumVisualStudioVersion = 10.0.40219.1
Project("{9A19103F-16F7-4668-BE54-9A1E7A4F7556}") = "Calculator", "Calculator\Calculator.csproj", "{3A52E200-2041-406E-822C-777F7000E240}"
EndProject
Project("{FAE04EC0-301F-11D3-BF4B-00C04F79EFBC}") = "Calculator.Tests", "Calculator.Tests\Calculator.Tests.csproj", "{4C1B6C85-C70F-4996-9EFD-5325E2628CC2}"
EndProject
Global
	GlobalSection(SolutionConfigurationPlatforms) = preSolution
		Debug|Any CPU = Debug|Any CPU
		Release|Any CPU = Release|Any CPU
	EndGlobalSection
	GlobalSection(ProjectConfigurationPlatforms) = postSolution
		{3A52E200-2041-406E-822C-777F7000E240}.Debug|Any CPU.ActiveCfg = Debug|Any CPU
		{3A52E200-2041-406E-822C-777F7000E240}.Debug|Any CPU.Build.0 = Debug|Any CPU
		{3A52E200-2041-406E-822C-777F7000E240}.Release|Any CPU.ActiveCfg = Release|Any CPU
		{3A52E200-2041-406E-822C-777F7000E240}.Release|Any CPU.Build.0 = Release|Any CPU
		{4C1B6C85-C70F-4996-9EFD-5325E2628CC2}.Debug|Any CPU.ActiveCfg = Debug|Any CPU
		{4C1B6C85-C70F-4996-9EFD-5325E2628CC2}.Debug|Any CPU.Build.0 = Debug|Any CPU
		{4C1B6C85-C70F-4996-9EFD-5325E2628CC2}.Release|Any CPU.ActiveCfg = Release|Any CPU
		{4C1B6C85-C70F-4996-9EFD-5325E2628CC2}.Release|Any CPU.Build.0 = Release|Any CPU
	EndGlobalSection
	GlobalSection(SolutionProperties) = preSolution
		HideSolutionNode = FALSE
	EndGlobalSection
EndGlobal
